Microsoft Visual Studio Solution File, Format Version 12.00
# Visual Studio Version 17
VisualStudioVersion = 17.5.2.0
MinimumVisualStudioVersion = 10.0.40219.1
Project("{FAE04EC0-301F-11D3-BF4B-00C04F79EFBC}") = "PrestamosApi", "PrestamosApi\PrestamosApi.csproj", "{D81A37C9-EDFF-FDF3-6001-380CC6664C98}"
EndProject
Global
	GlobalSection(SolutionConfigurationPlatforms) = preSolution
		Debug|Any CPU = Debug|Any CPU
		Release|Any CPU = Release|Any CPU
	EndGlobalSection
	GlobalSection(ProjectConfigurationPlatforms) = postSolution
		{D81A37C9-EDFF-FDF3-6001-380CC6664C98}.Debug|Any CPU.ActiveCfg = Debug|Any CPU
		{D81A37C9-EDFF-FDF3-6001-380CC6664C98}.Debug|Any CPU.Build.0 = Debug|Any CPU
		{D81A37C9-EDFF-FDF3-6001-380CC6664C98}.Release|Any CPU.ActiveCfg = Release|Any CPU
		{D81A37C9-EDFF-FDF3-6001-380CC6664C98}.Release|Any CPU.Build.0 = Release|Any CPU
	EndGlobalSection
	GlobalSection(SolutionProperties) = preSolution
		HideSolutionNode = FALSE
	EndGlobalSection
	GlobalSection(ExtensibilityGlobals) = postSolution
		SolutionGuid = {FBE5CAC7-5B04-40ED-B615-6BE7316A635C}
	EndGlobalSection
EndGlobal
